# THIS IS AN AUTOGENERATED FILE. DO NOT EDIT THIS FILE DIRECTLY.
# yarn lockfile v1


"bezier-easing@^2.1.0":
  "integrity" "sha1-wE3+i5JtbsrKGBPWn/F5t8ICXYY= sha512-gbIqZ/eslnUFC1tjEvtz0sgx+xTK20wDnYMIA27VA04R7w6xxXQPZDbibjA9DTWZRA2CXtwHykkVzlCaAJAZig=="
  "resolved" "https://registry.npmjs.org/bezier-easing/-/bezier-easing-2.1.0.tgz"
  "version" "2.1.0"

"colord@^2.9.3":
  "integrity" "sha512-jeC1axXpnb0/2nn/Y1LPuLdgXBLH7aDcHu4KEKfqw3CUhX7ZpfBSlPKyqXE6btIgEzfWtrX3/tyBCaCvXvMkOw=="
  "resolved" "https://registry.npmjs.org/colord/-/colord-2.9.3.tgz"
  "version" "2.9.3"
